
Microsoft Visual Studio Solution File, Format Version 12.00
# Visual Studio Version 16
VisualStudioVersion = 16.0.30309.148
MinimumVisualStudioVersion = 10.0.40219.1
Project("{9A19103F-16F7-4668-BE54-9A1E7A4F7556}") = "CakeStoreApi", "..\..\02_CakeStoreApi_end\CakeStoreApi\CakeStoreApi.csproj", "{258D1701-F687-458F-9584-434B04466ECB}"
EndProject
Project("{9A19103F-16F7-4668-BE54-9A1E7A4F7556}") = "CakeStoreGfrApi", "CakeStoreApi\CakeStoreGfrApi.csproj", "{68027B23-0452-44C5-AAFE-6C69374C1A39}"
EndProject
Global
	GlobalSection(SolutionConfigurationPlatforms) = preSolution
		Debug|Any CPU = Debug|Any CPU
		Release|Any CPU = Release|Any CPU
	EndGlobalSection
	GlobalSection(ProjectConfigurationPlatforms) = postSolution
		{258D1701-F687-458F-9584-434B04466ECB}.Debug|Any CPU.ActiveCfg = Debug|Any CPU
		{258D1701-F687-458F-9584-434B04466ECB}.Debug|Any CPU.Build.0 = Debug|Any CPU
		{258D1701-F687-458F-9584-434B04466ECB}.Release|Any CPU.ActiveCfg = Release|Any CPU
		{258D1701-F687-458F-9584-434B04466ECB}.Release|Any CPU.Build.0 = Release|Any CPU
		{68027B23-0452-44C5-AAFE-6C69374C1A39}.Debug|Any CPU.ActiveCfg = Debug|Any CPU
		{68027B23-0452-44C5-AAFE-6C69374C1A39}.Debug|Any CPU.Build.0 = Debug|Any CPU
		{68027B23-0452-44C5-AAFE-6C69374C1A39}.Release|Any CPU.ActiveCfg = Release|Any CPU
		{68027B23-0452-44C5-AAFE-6C69374C1A39}.Release|Any CPU.Build.0 = Release|Any CPU
	EndGlobalSection
	GlobalSection(SolutionProperties) = preSolution
		HideSolutionNode = FALSE
	EndGlobalSection
	GlobalSection(ExtensibilityGlobals) = postSolution
		SolutionGuid = {40177784-1975-4A0B-8F96-DC1695F0EFFD}
	EndGlobalSection
EndGlobal
