
Microsoft Visual Studio Solution File, Format Version 12.00
# Visual Studio Version 16
VisualStudioVersion = 16.0.30309.148
MinimumVisualStudioVersion = 10.0.40219.1
Project("{9A19103F-16F7-4668-BE54-9A1E7A4F7556}") = "AnimalsMvc_Gfr", "AnimalsMvc\AnimalsMvc_Gfr.csproj", "{734FE39E-D662-46D0-9F37-CC76019D0D84}"
EndProject
Project("{9A19103F-16F7-4668-BE54-9A1E7A4F7556}") = "AnimalsMvc", "..\03_AnimalsMvc_end\AnimalsMvc\AnimalsMvc.csproj", "{A3F5C687-9003-4276-A5AA-63D372C0729E}"
EndProject
Global
	GlobalSection(SolutionConfigurationPlatforms) = preSolution
		Debug|Any CPU = Debug|Any CPU
		Release|Any CPU = Release|Any CPU
	EndGlobalSection
	GlobalSection(ProjectConfigurationPlatforms) = postSolution
		{734FE39E-D662-46D0-9F37-CC76019D0D84}.Debug|Any CPU.ActiveCfg = Debug|Any CPU
		{734FE39E-D662-46D0-9F37-CC76019D0D84}.Debug|Any CPU.Build.0 = Debug|Any CPU
		{734FE39E-D662-46D0-9F37-CC76019D0D84}.Release|Any CPU.ActiveCfg = Release|Any CPU
		{734FE39E-D662-46D0-9F37-CC76019D0D84}.Release|Any CPU.Build.0 = Release|Any CPU
		{A3F5C687-9003-4276-A5AA-63D372C0729E}.Debug|Any CPU.ActiveCfg = Debug|Any CPU
		{A3F5C687-9003-4276-A5AA-63D372C0729E}.Debug|Any CPU.Build.0 = Debug|Any CPU
		{A3F5C687-9003-4276-A5AA-63D372C0729E}.Release|Any CPU.ActiveCfg = Release|Any CPU
		{A3F5C687-9003-4276-A5AA-63D372C0729E}.Release|Any CPU.Build.0 = Release|Any CPU
	EndGlobalSection
	GlobalSection(SolutionProperties) = preSolution
		HideSolutionNode = FALSE
	EndGlobalSection
	GlobalSection(ExtensibilityGlobals) = postSolution
		SolutionGuid = {4EA4981E-107B-4644-8813-EF419BD02D0B}
	EndGlobalSection
EndGlobal
